
Microsoft Visual Studio Solution File, Format Version 12.00
# Visual Studio Version 17
VisualStudioVersion = 17.1.32210.238
MinimumVisualStudioVersion = 10.0.40219.1
Project("{FAE04EC0-301F-11D3-BF4B-00C04F79EFBC}") = "AnonymousMethod", "AnonymousMethod\AnonymousMethod.csproj", "{0CF3B83A-B00B-4D29-A721-B45F029A0AF6}"
EndProject
Global
	GlobalSection(SolutionConfigurationPlatforms) = preSolution
		Debug|Any CPU = Debug|Any CPU
		Release|Any CPU = Release|Any CPU
	EndGlobalSection
	GlobalSection(ProjectConfigurationPlatforms) = postSolution
		{0CF3B83A-B00B-4D29-A721-B45F029A0AF6}.Debug|Any CPU.ActiveCfg = Debug|Any CPU
		{0CF3B83A-B00B-4D29-A721-B45F029A0AF6}.Debug|Any CPU.Build.0 = Debug|Any CPU
		{0CF3B83A-B00B-4D29-A721-B45F029A0AF6}.Release|Any CPU.ActiveCfg = Release|Any CPU
		{0CF3B83A-B00B-4D29-A721-B45F029A0AF6}.Release|Any CPU.Build.0 = Release|Any CPU
	EndGlobalSection
	GlobalSection(SolutionProperties) = preSolution
		HideSolutionNode = FALSE
	EndGlobalSection
	GlobalSection(ExtensibilityGlobals) = postSolution
		SolutionGuid = {6A643194-4143-47D6-BF59-3CBA37754A0F}
	EndGlobalSection
EndGlobal
